
Microsoft Visual Studio Solution File, Format Version 12.00
# Visual Studio Version 17
VisualStudioVersion = 17.7.34031.279
MinimumVisualStudioVersion = 10.0.40219.1
Project("{2150E333-8FDC-42A3-9474-1A3956D46DE8}") = "API Gateway", "API Gateway", "{5791597D-6434-4CEE-86F2-8A9C8AE0EFF6}"
EndProject
Project("{2150E333-8FDC-42A3-9474-1A3956D46DE8}") = "Domain", "Domain", "{1D8C4085-4342-4F52-AB5D-7BA315AD9770}"
EndProject
Project("{2150E333-8FDC-42A3-9474-1A3956D46DE8}") = "Infrastructure", "Infrastructure", "{3E0F6C2A-2DEE-49F8-A63C-43E42F8B1B27}"
EndProject
Project("{2150E333-8FDC-42A3-9474-1A3956D46DE8}") = "Microservices", "Microservices", "{8F650437-298B-4D71-81C8-709FBDF3F368}"
EndProject
Project("{9A19103F-16F7-4668-BE54-9A1E7A4F7556}") = "muchik.market.api.gateway", "muchik.market.api.gateway\muchik.market.api.gateway.csproj", "{8797F8E2-2D9C-4EEC-A780-863264E355A9}"
EndProject
Project("{2150E333-8FDC-42A3-9474-1A3956D46DE8}") = "Security", "Security", "{209E5D44-2F59-4CD6-ADC7-FA7252ED4D0D}"
EndProject
Project("{2150E333-8FDC-42A3-9474-1A3956D46DE8}") = "Invoice", "Invoice", "{33A0313E-CFB2-4059-A0D3-B8AA8AF5F561}"
EndProject
Project("{2150E333-8FDC-42A3-9474-1A3956D46DE8}") = "Pay", "Pay", "{E7EB12DF-68C6-4AE7-863A-297DF5C9EF9B}"
EndProject
Project("{2150E333-8FDC-42A3-9474-1A3956D46DE8}") = "Transaction", "Transaction", "{C8E4BD18-7941-4B05-B8D4-D6CD5CD8751D}"
EndProject
Project("{2150E333-8FDC-42A3-9474-1A3956D46DE8}") = "Application", "Application", "{9F08DF5F-BB80-4793-9ABE-37638C480028}"
EndProject
Project("{2150E333-8FDC-42A3-9474-1A3956D46DE8}") = "Domain", "Domain", "{11C48559-1D97-46B9-B44A-ADC168CAAE0C}"
EndProject
Project("{2150E333-8FDC-42A3-9474-1A3956D46DE8}") = "Infraestructure", "Infraestructure", "{A4763E39-411C-4F2A-BEED-BDBA1CC7EFDF}"
EndProject
Project("{2150E333-8FDC-42A3-9474-1A3956D46DE8}") = "Presentation", "Presentation", "{0C03380F-1500-4149-A247-A752DF6341B7}"
EndProject
Project("{2150E333-8FDC-42A3-9474-1A3956D46DE8}") = "Application", "Application", "{6CB77FBB-D6F8-4A2E-B16D-8A2413D46CD1}"
EndProject
Project("{2150E333-8FDC-42A3-9474-1A3956D46DE8}") = "Domain", "Domain", "{C5847F67-086B-496F-819B-813AA613428A}"
EndProject
Project("{2150E333-8FDC-42A3-9474-1A3956D46DE8}") = "Domain", "Domain", "{F5C61BBC-1BDC-4CCA-817B-2DCBE333F25C}"
EndProject
Project("{2150E333-8FDC-42A3-9474-1A3956D46DE8}") = "Domain", "Domain", "{C155841D-2A52-43DC-AF03-EC2811ED0FEE}"
EndProject
Project("{2150E333-8FDC-42A3-9474-1A3956D46DE8}") = "Application", "Application", "{F71106C6-F719-444A-AB44-19811889A938}"
EndProject
Project("{2150E333-8FDC-42A3-9474-1A3956D46DE8}") = "Application", "Application", "{B07EA3E5-B276-4622-939D-D5DB5897F4FB}"
EndProject
Project("{2150E333-8FDC-42A3-9474-1A3956D46DE8}") = "Infraestructure", "Infraestructure", "{4909F9AB-2C3C-4671-8F2A-C8D6B96A5523}"
EndProject
Project("{2150E333-8FDC-42A3-9474-1A3956D46DE8}") = "Infraestructure", "Infraestructure", "{2115C046-850D-4A5F-93E6-E982894CBB75}"
EndProject
Project("{2150E333-8FDC-42A3-9474-1A3956D46DE8}") = "Infraestructure", "Infraestructure", "{0E8AE4EA-A99F-4996-8E9B-81119DD4367B}"
EndProject
Project("{2150E333-8FDC-42A3-9474-1A3956D46DE8}") = "Presentation", "Presentation", "{ECA6F37E-066B-4E94-8036-640B07BFE09B}"
EndProject
Project("{2150E333-8FDC-42A3-9474-1A3956D46DE8}") = "Presentation", "Presentation", "{4F43774E-1677-408E-B120-D77E78F9FB60}"
EndProject
Project("{2150E333-8FDC-42A3-9474-1A3956D46DE8}") = "Presentation", "Presentation", "{3E2550EC-7F6A-47F9-810A-EBEBD71A2F02}"
EndProject
Project("{2150E333-8FDC-42A3-9474-1A3956D46DE8}") = "Cross-Cutting", "Cross-Cutting", "{BC232BDE-A1C2-4B8F-A685-62D897F8CF5B}"
EndProject
Project("{2150E333-8FDC-42A3-9474-1A3956D46DE8}") = "Bus", "Bus", "{687B5044-4899-46B7-A558-6B0DEBE708EE}"
EndProject
Project("{2150E333-8FDC-42A3-9474-1A3956D46DE8}") = "IoC", "IoC", "{D4ED1F26-607A-4BE0-8C16-CC205C7E8749}"
EndProject
Project("{9A19103F-16F7-4668-BE54-9A1E7A4F7556}") = "muchik.market.domain", "muchik.market.domain\muchik.market.domain.csproj", "{0ADCE1C0-6002-47CB-A279-B38B43D65504}"
EndProject
Project("{9A19103F-16F7-4668-BE54-9A1E7A4F7556}") = "muchik.market.infraestructure.bus", "muchik.market.infraestructure.bus\muchik.market.infraestructure.bus.csproj", "{DEF1E69C-EA12-4447-ADC4-43CD08F2294B}"
EndProject
Project("{9A19103F-16F7-4668-BE54-9A1E7A4F7556}") = "muchik.market.infrastructure.crosscutting", "muchik.market.infraestructure.crosscutting\muchik.market.infrastructure.crosscutting.csproj", "{1B536976-4A30-4379-BCD1-512588CDFB50}"
EndProject
Project("{9A19103F-16F7-4668-BE54-9A1E7A4F7556}") = "muchik.market.infrastructure.ioc", "muchik.market.infraestructure.ioc\muchik.market.infrastructure.ioc.csproj", "{61DEF087-AE9E-44A8-B874-E6740A05AA45}"
EndProject
Project("{9A19103F-16F7-4668-BE54-9A1E7A4F7556}") = "muchik.market.invoice.application", "muchik.market.invoice.application\muchik.market.invoice.application.csproj", "{441D9E1A-C4B5-45CA-A68C-DBA16DD8BE45}"
EndProject
Project("{9A19103F-16F7-4668-BE54-9A1E7A4F7556}") = "muchik.market.invoice.domain", "muchik.market.invoice.domain\muchik.market.invoice.domain.csproj", "{EE9C31C4-3DDD-4410-A5DD-7B0539DF12A8}"
EndProject
Project("{9A19103F-16F7-4668-BE54-9A1E7A4F7556}") = "muchik.market.invoice.infrastructure", "muchik.market.invoice.infraestructure\muchik.market.invoice.infrastructure.csproj", "{EDB2C094-1D69-41C1-A8B0-983C12119EE0}"
EndProject
Project("{9A19103F-16F7-4668-BE54-9A1E7A4F7556}") = "muchik.market.pay.application", "muchik.market.pay.application\muchik.market.pay.application.csproj", "{AE972CD7-E098-4197-BFA1-AD4F88CAC8B1}"
EndProject
Project("{9A19103F-16F7-4668-BE54-9A1E7A4F7556}") = "muchik.market.pay.domain", "muchik.market.pay.domain\muchik.market.pay.domain.csproj", "{D817CC74-F345-484E-A1A8-83D7025895C1}"
EndProject
Project("{9A19103F-16F7-4668-BE54-9A1E7A4F7556}") = "muchik.market.pay.infraestructure", "muchik.market.pay.infraestructure\muchik.market.pay.infraestructure.csproj", "{F9CB8096-E832-47AC-98B2-AF0FD949B10F}"
EndProject
Project("{9A19103F-16F7-4668-BE54-9A1E7A4F7556}") = "muchik.market.security.application", "muchik.market.security.application\muchik.market.security.application.csproj", "{14E31D0E-D618-449C-877B-28923187F842}"
EndProject
Project("{9A19103F-16F7-4668-BE54-9A1E7A4F7556}") = "muchik.market.security.domain", "muchik.market.security.domain\muchik.market.security.domain.csproj", "{88F642B0-7C77-4110-9C36-E580840B37C7}"
EndProject
Project("{9A19103F-16F7-4668-BE54-9A1E7A4F7556}") = "muchik.market.security.infraestructure", "muchik.market.security.infraestructure\muchik.market.security.infraestructure.csproj", "{1E4F5692-B79B-4E51-B321-0CD225C9E03A}"
EndProject
Project("{9A19103F-16F7-4668-BE54-9A1E7A4F7556}") = "muchik.market.transaction.application", "muchik.market.transaction.application\muchik.market.transaction.application.csproj", "{EEBB483F-E17D-4923-A825-62350C86B7DC}"
EndProject
Project("{9A19103F-16F7-4668-BE54-9A1E7A4F7556}") = "muchik.market.transaction.domain", "muchik.market.transaction.domain\muchik.market.transaction.domain.csproj", "{12952D4F-1BBB-4BB4-8A00-ECAF5D40D7FF}"
EndProject
Project("{9A19103F-16F7-4668-BE54-9A1E7A4F7556}") = "muchik.market.transaction.infraestructure", "muchik.market.transaction.infraestructure\muchik.market.transaction.infraestructure.csproj", "{6B7DEF1F-5479-4BC0-9FC7-71ECA980D540}"
EndProject
Project("{E53339B2-1760-4266-BCC7-CA923CBCF16C}") = "docker-compose", "docker-compose.dcproj", "{2399E67C-C245-4267-9AAC-A8E87949C411}"
EndProject
Project("{9A19103F-16F7-4668-BE54-9A1E7A4F7556}") = "muchik.market.security.api", "muchik.market.security.api\muchik.market.security.api.csproj", "{A5F3D7E9-5814-4ACE-98B3-84F0112E040A}"
EndProject
Project("{9A19103F-16F7-4668-BE54-9A1E7A4F7556}") = "muchik.market.invoice.api", "muchik.market.invoice.api\muchik.market.invoice.api.csproj", "{BA0A2D8A-BC65-4267-9872-25A8994CE76F}"
EndProject
Project("{FAE04EC0-301F-11D3-BF4B-00C04F79EFBC}") = "muchik.market.pay.api", "muchik.market.pay.api\muchik.market.pay.api.csproj", "{B49F235B-3959-4AE8-8DB0-D8A1DED818E3}"
EndProject
Project("{FAE04EC0-301F-11D3-BF4B-00C04F79EFBC}") = "muchik.market.transaction.api", "muchik.market.transaction.api\muchik.market.transaction.api.csproj", "{05BC4E52-E9F6-4D4F-9626-3F1D03072403}"
EndProject
Global
	GlobalSection(SolutionConfigurationPlatforms) = preSolution
		Debug|Any CPU = Debug|Any CPU
		Release|Any CPU = Release|Any CPU
	EndGlobalSection
	GlobalSection(ProjectConfigurationPlatforms) = postSolution
		{8797F8E2-2D9C-4EEC-A780-863264E355A9}.Debug|Any CPU.ActiveCfg = Debug|Any CPU
		{8797F8E2-2D9C-4EEC-A780-863264E355A9}.Debug|Any CPU.Build.0 = Debug|Any CPU
		{8797F8E2-2D9C-4EEC-A780-863264E355A9}.Release|Any CPU.ActiveCfg = Release|Any CPU
		{8797F8E2-2D9C-4EEC-A780-863264E355A9}.Release|Any CPU.Build.0 = Release|Any CPU
		{0ADCE1C0-6002-47CB-A279-B38B43D65504}.Debug|Any CPU.ActiveCfg = Debug|Any CPU
		{0ADCE1C0-6002-47CB-A279-B38B43D65504}.Debug|Any CPU.Build.0 = Debug|Any CPU
		{0ADCE1C0-6002-47CB-A279-B38B43D65504}.Release|Any CPU.ActiveCfg = Release|Any CPU
		{0ADCE1C0-6002-47CB-A279-B38B43D65504}.Release|Any CPU.Build.0 = Release|Any CPU
		{DEF1E69C-EA12-4447-ADC4-43CD08F2294B}.Debug|Any CPU.ActiveCfg = Debug|Any CPU
		{DEF1E69C-EA12-4447-ADC4-43CD08F2294B}.Debug|Any CPU.Build.0 = Debug|Any CPU
		{DEF1E69C-EA12-4447-ADC4-43CD08F2294B}.Release|Any CPU.ActiveCfg = Release|Any CPU
		{DEF1E69C-EA12-4447-ADC4-43CD08F2294B}.Release|Any CPU.Build.0 = Release|Any CPU
		{1B536976-4A30-4379-BCD1-512588CDFB50}.Debug|Any CPU.ActiveCfg = Debug|Any CPU
		{1B536976-4A30-4379-BCD1-512588CDFB50}.Debug|Any CPU.Build.0 = Debug|Any CPU
		{1B536976-4A30-4379-BCD1-512588CDFB50}.Release|Any CPU.ActiveCfg = Release|Any CPU
		{1B536976-4A30-4379-BCD1-512588CDFB50}.Release|Any CPU.Build.0 = Release|Any CPU
		{61DEF087-AE9E-44A8-B874-E6740A05AA45}.Debug|Any CPU.ActiveCfg = Debug|Any CPU
		{61DEF087-AE9E-44A8-B874-E6740A05AA45}.Debug|Any CPU.Build.0 = Debug|Any CPU
		{61DEF087-AE9E-44A8-B874-E6740A05AA45}.Release|Any CPU.ActiveCfg = Release|Any CPU
		{61DEF087-AE9E-44A8-B874-E6740A05AA45}.Release|Any CPU.Build.0 = Release|Any CPU
		{441D9E1A-C4B5-45CA-A68C-DBA16DD8BE45}.Debug|Any CPU.ActiveCfg = Debug|Any CPU
		{441D9E1A-C4B5-45CA-A68C-DBA16DD8BE45}.Debug|Any CPU.Build.0 = Debug|Any CPU
		{441D9E1A-C4B5-45CA-A68C-DBA16DD8BE45}.Release|Any CPU.ActiveCfg = Release|Any CPU
		{441D9E1A-C4B5-45CA-A68C-DBA16DD8BE45}.Release|Any CPU.Build.0 = Release|Any CPU
		{EE9C31C4-3DDD-4410-A5DD-7B0539DF12A8}.Debug|Any CPU.ActiveCfg = Debug|Any CPU
		{EE9C31C4-3DDD-4410-A5DD-7B0539DF12A8}.Debug|Any CPU.Build.0 = Debug|Any CPU
		{EE9C31C4-3DDD-4410-A5DD-7B0539DF12A8}.Release|Any CPU.ActiveCfg = Release|Any CPU
		{EE9C31C4-3DDD-4410-A5DD-7B0539DF12A8}.Release|Any CPU.Build.0 = Release|Any CPU
		{EDB2C094-1D69-41C1-A8B0-983C12119EE0}.Debug|Any CPU.ActiveCfg = Debug|Any CPU
		{EDB2C094-1D69-41C1-A8B0-983C12119EE0}.Debug|Any CPU.Build.0 = Debug|Any CPU
		{EDB2C094-1D69-41C1-A8B0-983C12119EE0}.Release|Any CPU.ActiveCfg = Release|Any CPU
		{EDB2C094-1D69-41C1-A8B0-983C12119EE0}.Release|Any CPU.Build.0 = Release|Any CPU
		{AE972CD7-E098-4197-BFA1-AD4F88CAC8B1}.Debug|Any CPU.ActiveCfg = Debug|Any CPU
		{AE972CD7-E098-4197-BFA1-AD4F88CAC8B1}.Debug|Any CPU.Build.0 = Debug|Any CPU
		{AE972CD7-E098-4197-BFA1-AD4F88CAC8B1}.Release|Any CPU.ActiveCfg = Release|Any CPU
		{AE972CD7-E098-4197-BFA1-AD4F88CAC8B1}.Release|Any CPU.Build.0 = Release|Any CPU
		{D817CC74-F345-484E-A1A8-83D7025895C1}.Debug|Any CPU.ActiveCfg = Debug|Any CPU
		{D817CC74-F345-484E-A1A8-83D7025895C1}.Debug|Any CPU.Build.0 = Debug|Any CPU
		{D817CC74-F345-484E-A1A8-83D7025895C1}.Release|Any CPU.ActiveCfg = Release|Any CPU
		{D817CC74-F345-484E-A1A8-83D7025895C1}.Release|Any CPU.Build.0 = Release|Any CPU
		{F9CB8096-E832-47AC-98B2-AF0FD949B10F}.Debug|Any CPU.ActiveCfg = Debug|Any CPU
		{F9CB8096-E832-47AC-98B2-AF0FD949B10F}.Debug|Any CPU.Build.0 = Debug|Any CPU
		{F9CB8096-E832-47AC-98B2-AF0FD949B10F}.Release|Any CPU.ActiveCfg = Release|Any CPU
		{F9CB8096-E832-47AC-98B2-AF0FD949B10F}.Release|Any CPU.Build.0 = Release|Any CPU
		{14E31D0E-D618-449C-877B-28923187F842}.Debug|Any CPU.ActiveCfg = Debug|Any CPU
		{14E31D0E-D618-449C-877B-28923187F842}.Debug|Any CPU.Build.0 = Debug|Any CPU
		{14E31D0E-D618-449C-877B-28923187F842}.Release|Any CPU.ActiveCfg = Release|Any CPU
		{14E31D0E-D618-449C-877B-28923187F842}.Release|Any CPU.Build.0 = Release|Any CPU
		{88F642B0-7C77-4110-9C36-E580840B37C7}.Debug|Any CPU.ActiveCfg = Debug|Any CPU
		{88F642B0-7C77-4110-9C36-E580840B37C7}.Debug|Any CPU.Build.0 = Debug|Any CPU
		{88F642B0-7C77-4110-9C36-E580840B37C7}.Release|Any CPU.ActiveCfg = Release|Any CPU
		{88F642B0-7C77-4110-9C36-E580840B37C7}.Release|Any CPU.Build.0 = Release|Any CPU
		{1E4F5692-B79B-4E51-B321-0CD225C9E03A}.Debug|Any CPU.ActiveCfg = Debug|Any CPU
		{1E4F5692-B79B-4E51-B321-0CD225C9E03A}.Debug|Any CPU.Build.0 = Debug|Any CPU
		{1E4F5692-B79B-4E51-B321-0CD225C9E03A}.Release|Any CPU.ActiveCfg = Release|Any CPU
		{1E4F5692-B79B-4E51-B321-0CD225C9E03A}.Release|Any CPU.Build.0 = Release|Any CPU
		{EEBB483F-E17D-4923-A825-62350C86B7DC}.Debug|Any CPU.ActiveCfg = Debug|Any CPU
		{EEBB483F-E17D-4923-A825-62350C86B7DC}.Debug|Any CPU.Build.0 = Debug|Any CPU
		{EEBB483F-E17D-4923-A825-62350C86B7DC}.Release|Any CPU.ActiveCfg = Release|Any CPU
		{EEBB483F-E17D-4923-A825-62350C86B7DC}.Release|Any CPU.Build.0 = Release|Any CPU
		{12952D4F-1BBB-4BB4-8A00-ECAF5D40D7FF}.Debug|Any CPU.ActiveCfg = Debug|Any CPU
		{12952D4F-1BBB-4BB4-8A00-ECAF5D40D7FF}.Debug|Any CPU.Build.0 = Debug|Any CPU
		{12952D4F-1BBB-4BB4-8A00-ECAF5D40D7FF}.Release|Any CPU.ActiveCfg = Release|Any CPU
		{12952D4F-1BBB-4BB4-8A00-ECAF5D40D7FF}.Release|Any CPU.Build.0 = Release|Any CPU
		{6B7DEF1F-5479-4BC0-9FC7-71ECA980D540}.Debug|Any CPU.ActiveCfg = Debug|Any CPU
		{6B7DEF1F-5479-4BC0-9FC7-71ECA980D540}.Debug|Any CPU.Build.0 = Debug|Any CPU
		{6B7DEF1F-5479-4BC0-9FC7-71ECA980D540}.Release|Any CPU.ActiveCfg = Release|Any CPU
		{6B7DEF1F-5479-4BC0-9FC7-71ECA980D540}.Release|Any CPU.Build.0 = Release|Any CPU
		{2399E67C-C245-4267-9AAC-A8E87949C411}.Debug|Any CPU.ActiveCfg = Debug|Any CPU
		{2399E67C-C245-4267-9AAC-A8E87949C411}.Debug|Any CPU.Build.0 = Debug|Any CPU
		{2399E67C-C245-4267-9AAC-A8E87949C411}.Release|Any CPU.ActiveCfg = Release|Any CPU
		{2399E67C-C245-4267-9AAC-A8E87949C411}.Release|Any CPU.Build.0 = Release|Any CPU
		{A5F3D7E9-5814-4ACE-98B3-84F0112E040A}.Debug|Any CPU.ActiveCfg = Debug|Any CPU
		{A5F3D7E9-5814-4ACE-98B3-84F0112E040A}.Debug|Any CPU.Build.0 = Debug|Any CPU
		{A5F3D7E9-5814-4ACE-98B3-84F0112E040A}.Release|Any CPU.ActiveCfg = Release|Any CPU
		{A5F3D7E9-5814-4ACE-98B3-84F0112E040A}.Release|Any CPU.Build.0 = Release|Any CPU
		{BA0A2D8A-BC65-4267-9872-25A8994CE76F}.Debug|Any CPU.ActiveCfg = Debug|Any CPU
		{BA0A2D8A-BC65-4267-9872-25A8994CE76F}.Debug|Any CPU.Build.0 = Debug|Any CPU
		{BA0A2D8A-BC65-4267-9872-25A8994CE76F}.Release|Any CPU.ActiveCfg = Release|Any CPU
		{BA0A2D8A-BC65-4267-9872-25A8994CE76F}.Release|Any CPU.Build.0 = Release|Any CPU
		{B49F235B-3959-4AE8-8DB0-D8A1DED818E3}.Debug|Any CPU.ActiveCfg = Debug|Any CPU
		{B49F235B-3959-4AE8-8DB0-D8A1DED818E3}.Debug|Any CPU.Build.0 = Debug|Any CPU
		{B49F235B-3959-4AE8-8DB0-D8A1DED818E3}.Release|Any CPU.ActiveCfg = Release|Any CPU
		{B49F235B-3959-4AE8-8DB0-D8A1DED818E3}.Release|Any CPU.Build.0 = Release|Any CPU
		{05BC4E52-E9F6-4D4F-9626-3F1D03072403}.Debug|Any CPU.ActiveCfg = Debug|Any CPU
		{05BC4E52-E9F6-4D4F-9626-3F1D03072403}.Debug|Any CPU.Build.0 = Debug|Any CPU
		{05BC4E52-E9F6-4D4F-9626-3F1D03072403}.Release|Any CPU.ActiveCfg = Release|Any CPU
		{05BC4E52-E9F6-4D4F-9626-3F1D03072403}.Release|Any CPU.Build.0 = Release|Any CPU
	EndGlobalSection
	GlobalSection(SolutionProperties) = preSolution
		HideSolutionNode = FALSE
	EndGlobalSection
	GlobalSection(NestedProjects) = preSolution
		{8797F8E2-2D9C-4EEC-A780-863264E355A9} = {5791597D-6434-4CEE-86F2-8A9C8AE0EFF6}
		{209E5D44-2F59-4CD6-ADC7-FA7252ED4D0D} = {8F650437-298B-4D71-81C8-709FBDF3F368}
		{33A0313E-CFB2-4059-A0D3-B8AA8AF5F561} = {8F650437-298B-4D71-81C8-709FBDF3F368}
		{E7EB12DF-68C6-4AE7-863A-297DF5C9EF9B} = {8F650437-298B-4D71-81C8-709FBDF3F368}
		{C8E4BD18-7941-4B05-B8D4-D6CD5CD8751D} = {8F650437-298B-4D71-81C8-709FBDF3F368}
		{9F08DF5F-BB80-4793-9ABE-37638C480028} = {33A0313E-CFB2-4059-A0D3-B8AA8AF5F561}
		{11C48559-1D97-46B9-B44A-ADC168CAAE0C} = {33A0313E-CFB2-4059-A0D3-B8AA8AF5F561}
		{A4763E39-411C-4F2A-BEED-BDBA1CC7EFDF} = {33A0313E-CFB2-4059-A0D3-B8AA8AF5F561}
		{0C03380F-1500-4149-A247-A752DF6341B7} = {33A0313E-CFB2-4059-A0D3-B8AA8AF5F561}
		{6CB77FBB-D6F8-4A2E-B16D-8A2413D46CD1} = {E7EB12DF-68C6-4AE7-863A-297DF5C9EF9B}
		{C5847F67-086B-496F-819B-813AA613428A} = {E7EB12DF-68C6-4AE7-863A-297DF5C9EF9B}
		{F5C61BBC-1BDC-4CCA-817B-2DCBE333F25C} = {209E5D44-2F59-4CD6-ADC7-FA7252ED4D0D}
		{C155841D-2A52-43DC-AF03-EC2811ED0FEE} = {C8E4BD18-7941-4B05-B8D4-D6CD5CD8751D}
		{F71106C6-F719-444A-AB44-19811889A938} = {209E5D44-2F59-4CD6-ADC7-FA7252ED4D0D}
		{B07EA3E5-B276-4622-939D-D5DB5897F4FB} = {C8E4BD18-7941-4B05-B8D4-D6CD5CD8751D}
		{4909F9AB-2C3C-4671-8F2A-C8D6B96A5523} = {E7EB12DF-68C6-4AE7-863A-297DF5C9EF9B}
		{2115C046-850D-4A5F-93E6-E982894CBB75} = {209E5D44-2F59-4CD6-ADC7-FA7252ED4D0D}
		{0E8AE4EA-A99F-4996-8E9B-81119DD4367B} = {C8E4BD18-7941-4B05-B8D4-D6CD5CD8751D}
		{ECA6F37E-066B-4E94-8036-640B07BFE09B} = {E7EB12DF-68C6-4AE7-863A-297DF5C9EF9B}
		{4F43774E-1677-408E-B120-D77E78F9FB60} = {209E5D44-2F59-4CD6-ADC7-FA7252ED4D0D}
		{3E2550EC-7F6A-47F9-810A-EBEBD71A2F02} = {C8E4BD18-7941-4B05-B8D4-D6CD5CD8751D}
		{BC232BDE-A1C2-4B8F-A685-62D897F8CF5B} = {3E0F6C2A-2DEE-49F8-A63C-43E42F8B1B27}
		{687B5044-4899-46B7-A558-6B0DEBE708EE} = {3E0F6C2A-2DEE-49F8-A63C-43E42F8B1B27}
		{D4ED1F26-607A-4BE0-8C16-CC205C7E8749} = {3E0F6C2A-2DEE-49F8-A63C-43E42F8B1B27}
		{0ADCE1C0-6002-47CB-A279-B38B43D65504} = {1D8C4085-4342-4F52-AB5D-7BA315AD9770}
		{DEF1E69C-EA12-4447-ADC4-43CD08F2294B} = {687B5044-4899-46B7-A558-6B0DEBE708EE}
		{1B536976-4A30-4379-BCD1-512588CDFB50} = {BC232BDE-A1C2-4B8F-A685-62D897F8CF5B}
		{61DEF087-AE9E-44A8-B874-E6740A05AA45} = {D4ED1F26-607A-4BE0-8C16-CC205C7E8749}
		{441D9E1A-C4B5-45CA-A68C-DBA16DD8BE45} = {9F08DF5F-BB80-4793-9ABE-37638C480028}
		{EE9C31C4-3DDD-4410-A5DD-7B0539DF12A8} = {11C48559-1D97-46B9-B44A-ADC168CAAE0C}
		{EDB2C094-1D69-41C1-A8B0-983C12119EE0} = {A4763E39-411C-4F2A-BEED-BDBA1CC7EFDF}
		{AE972CD7-E098-4197-BFA1-AD4F88CAC8B1} = {6CB77FBB-D6F8-4A2E-B16D-8A2413D46CD1}
		{D817CC74-F345-484E-A1A8-83D7025895C1} = {C5847F67-086B-496F-819B-813AA613428A}
		{F9CB8096-E832-47AC-98B2-AF0FD949B10F} = {4909F9AB-2C3C-4671-8F2A-C8D6B96A5523}
		{14E31D0E-D618-449C-877B-28923187F842} = {F71106C6-F719-444A-AB44-19811889A938}
		{88F642B0-7C77-4110-9C36-E580840B37C7} = {F5C61BBC-1BDC-4CCA-817B-2DCBE333F25C}
		{1E4F5692-B79B-4E51-B321-0CD225C9E03A} = {2115C046-850D-4A5F-93E6-E982894CBB75}
		{EEBB483F-E17D-4923-A825-62350C86B7DC} = {B07EA3E5-B276-4622-939D-D5DB5897F4FB}
		{12952D4F-1BBB-4BB4-8A00-ECAF5D40D7FF} = {C155841D-2A52-43DC-AF03-EC2811ED0FEE}
		{6B7DEF1F-5479-4BC0-9FC7-71ECA980D540} = {0E8AE4EA-A99F-4996-8E9B-81119DD4367B}
		{A5F3D7E9-5814-4ACE-98B3-84F0112E040A} = {4F43774E-1677-408E-B120-D77E78F9FB60}
		{BA0A2D8A-BC65-4267-9872-25A8994CE76F} = {0C03380F-1500-4149-A247-A752DF6341B7}
		{B49F235B-3959-4AE8-8DB0-D8A1DED818E3} = {ECA6F37E-066B-4E94-8036-640B07BFE09B}
		{05BC4E52-E9F6-4D4F-9626-3F1D03072403} = {3E2550EC-7F6A-47F9-810A-EBEBD71A2F02}
	EndGlobalSection
	GlobalSection(ExtensibilityGlobals) = postSolution
		SolutionGuid = {BEC8C132-FC9F-467C-B5A3-AB26D65AC04E}
	EndGlobalSection
EndGlobal
